// !$*UTF8*$!
{
	archiveVersion = 1;
	classes = {
	};
	objectVersion = 77;
	objects = {

/* Begin PBXContainerItemProxy section */
		3A7A7F112DF8CC5000FFA424 /* PBXContainerItemProxy */ = {
			isa = PBXContainerItemProxy;
			containerPortal = 3A7A7EF82DF8CC4E00FFA424 /* Project object */;
			proxyType = 1;
			remoteGlobalIDString = 3A7A7EFF2DF8CC4E00FFA424;
			remoteInfo = Treadmac;
		};
		3A7A7F1B2DF8CC5000FFA424 /* PBXContainerItemProxy */ = {
			isa = PBXContainerItemProxy;
			containerPortal = 3A7A7EF82DF8CC4E00FFA424 /* Project object */;
			proxyType = 1;
			remoteGlobalIDString = 3A7A7EFF2DF8CC4E00FFA424;
			remoteInfo = Treadmac;
		};
/* End PBXContainerItemProxy section */

/* Begin PBXFileReference section */
		3A7A7F002DF8CC4E00FFA424 /* Treadmac.app */ = {isa = PBXFileReference; explicitFileType = wrapper.application; includeInIndex = 0; path = Treadmac.app; sourceTree = BUILT_PRODUCTS_DIR; };
		3A7A7F102DF8CC5000FFA424 /* TreadmacTests.xctest */ = {isa = PBXFileReference; explicitFileType = wrapper.cfbundle; includeInIndex = 0; path = TreadmacTests.xctest; sourceTree = BUILT_PRODUCTS_DIR; };
		3A7A7F1A2DF8CC5000FFA424 /* TreadmacUITests.xctest */ = {isa = PBXFileReference; explicitFileType = wrapper.cfbundle; includeInIndex = 0; path = TreadmacUITests.xctest; sourceTree = BUILT_PRODUCTS_DIR; };
/* End PBXFileReference section */

/* Begin PBXFileSystemSynchronizedRootGroup section */
		3A7A7F022DF8CC4E00FFA424 /* Treadmac */ = {
			isa = PBXFileSystemSynchronizedRootGroup;
			path = Treadmac;
			sourceTree = "<group>";
		};
		3A7A7F132DF8CC5000FFA424 /* TreadmacTests */ = {
			isa = PBXFileSystemSynchronizedRootGroup;
			path = TreadmacTests;
			sourceTree = "<group>";
		};
		3A7A7F1D2DF8CC5000FFA424 /* TreadmacUITests */ = {
			isa = PBXFileSystemSynchronizedRootGroup;
			path = TreadmacUITests;
			sourceTree = "<group>";
		};
/* End PBXFileSystemSynchronizedRootGroup section */

/* Begin PBXFrameworksBuildPhase section */
		3A7A7EFD2DF8CC4E00FFA424 /* Frameworks */ = {
			isa = PBXFrameworksBuildPhase;
			buildActionMask = 2147483647;
			files = (
			);
			runOnlyForDeploymentPostprocessing = 0;
		};
		3A7A7F0D2DF8CC5000FFA424 /* Frameworks */ = {
			isa = PBXFrameworksBuildPhase;
			buildActionMask = 2147483647;
			files = (
			);
			runOnlyForDeploymentPostprocessing = 0;
		};
		3A7A7F172DF8CC5000FFA424 /* Frameworks */ = {
			isa = PBXFrameworksBuildPhase;
			buildActionMask = 2147483647;
			files = (
			);
			runOnlyForDeploymentPostprocessing = 0;
		};
/* End PBXFrameworksBuildPhase section */

/* Begin PBXGroup section */
		3A7A7EF72DF8CC4E00FFA424 = {
			isa = PBXGroup;
			children = (
				3A7A7F022DF8CC4E00FFA424 /* Treadmac */,
				3A7A7F132DF8CC5000FFA424 /* TreadmacTests */,
				3A7A7F1D2DF8CC5000FFA424 /* TreadmacUITests */,
				3A7A7F012DF8CC4E00FFA424 /* Products */,
			);
			sourceTree = "<group>";
		};
		3A7A7F012DF8CC4E00FFA424 /* Products */ = {
			isa = PBXGroup;
			children = (
				3A7A7F002DF8CC4E00FFA424 /* Treadmac.app */,
				3A7A7F102DF8CC5000FFA424 /* TreadmacTests.xctest */,
				3A7A7F1A2DF8CC5000FFA424 /* TreadmacUITests.xctest */,
			);
			name = Products;
			sourceTree = "<group>";
		};
/* End PBXGroup section */

/* Begin PBXNativeTarget section */
		3A7A7EFF2DF8CC4E00FFA424 /* Treadmac */ = {
			isa = PBXNativeTarget;
			buildConfigurationList = 3A7A7F242DF8CC5000FFA424 /* Build configuration list for PBXNativeTarget "Treadmac" */;
			buildPhases = (
				3A7A7EFC2DF8CC4E00FFA424 /* Sources */,
				3A7A7EFD2DF8CC4E00FFA424 /* Frameworks */,
				3A7A7EFE2DF8CC4E00FFA424 /* Resources */,
			);
			buildRules = (
			);
			dependencies = (
			);
			fileSystemSynchronizedGroups = (
				3A7A7F022DF8CC4E00FFA424 /* Treadmac */,
			);
			name = Treadmac;
			packageProductDependencies = (
			);
			productName = Treadmac;
			productReference = 3A7A7F002DF8CC4E00FFA424 /* Treadmac.app */;
			productType = "com.apple.product-type.application";
		};
		3A7A7F0F2DF8CC5000FFA424 /* TreadmacTests */ = {
			isa = PBXNativeTarget;
			buildConfigurationList = 3A7A7F272DF8CC5000FFA424 /* Build configuration list for PBXNativeTarget "TreadmacTests" */;
			buildPhases = (
				3A7A7F0C2DF8CC5000FFA424 /* Sources */,
				3A7A7F0D2DF8CC5000FFA424 /* Frameworks */,
				3A7A7F0E2DF8CC5000FFA424 /* Resources */,
			);
			buildRules = (
			);
			dependencies = (
				3A7A7F122DF8CC5000FFA424 /* PBXTargetDependency */,
			);
			fileSystemSynchronizedGroups = (
				3A7A7F132DF8CC5000FFA424 /* TreadmacTests */,
			);
			name = TreadmacTests;
			packageProductDependencies = (
			);
			productName = TreadmacTests;
			productReference = 3A7A7F102DF8CC5000FFA424 /* TreadmacTests.xctest */;
			productType = "com.apple.product-type.bundle.unit-test";
		};
		3A7A7F192DF8CC5000FFA424 /* TreadmacUITests */ = {
			isa = PBXNativeTarget;
			buildConfigurationList = 3A7A7F2A2DF8CC5000FFA424 /* Build configuration list for PBXNativeTarget "TreadmacUITests" */;
			buildPhases = (
				3A7A7F162DF8CC5000FFA424 /* Sources */,
				3A7A7F172DF8CC5000FFA424 /* Frameworks */,
				3A7A7F182DF8CC5000FFA424 /* Resources */,
			);
			buildRules = (
			);
			dependencies = (
				3A7A7F1C2DF8CC5000FFA424 /* PBXTargetDependency */,
			);
			fileSystemSynchronizedGroups = (
				3A7A7F1D2DF8CC5000FFA424 /* TreadmacUITests */,
			);
			name = TreadmacUITests;
			packageProductDependencies = (
			);
			productName = TreadmacUITests;
			productReference = 3A7A7F1A2DF8CC5000FFA424 /* TreadmacUITests.xctest */;
			productType = "com.apple.product-type.bundle.ui-testing";
		};
/* End PBXNativeTarget section */

/* Begin PBXProject section */
		3A7A7EF82DF8CC4E00FFA424 /* Project object */ = {
			isa = PBXProject;
			attributes = {
				BuildIndependentTargetsInParallel = 1;
				LastSwiftUpdateCheck = 1640;
				LastUpgradeCheck = 1640;
				TargetAttributes = {
					3A7A7EFF2DF8CC4E00FFA424 = {
						CreatedOnToolsVersion = 16.4;
					};
					3A7A7F0F2DF8CC5000FFA424 = {
						CreatedOnToolsVersion = 16.4;
						TestTargetID = 3A7A7EFF2DF8CC4E00FFA424;
					};
					3A7A7F192DF8CC5000FFA424 = {
						CreatedOnToolsVersion = 16.4;
						TestTargetID = 3A7A7EFF2DF8CC4E00FFA424;
					};
				};
			};
			buildConfigurationList = 3A7A7EFB2DF8CC4E00FFA424 /* Build configuration list for PBXProject "Treadmac" */;
			developmentRegion = en;
			hasScannedForEncodings = 0;
			knownRegions = (
				en,
				Base,
			);
			mainGroup = 3A7A7EF72DF8CC4E00FFA424;
			minimizedProjectReferenceProxies = 1;
			preferredProjectObjectVersion = 77;
			productRefGroup = 3A7A7F012DF8CC4E00FFA424 /* Products */;
			projectDirPath = "";
			projectRoot = "";
			targets = (
				3A7A7EFF2DF8CC4E00FFA424 /* Treadmac */,
				3A7A7F0F2DF8CC5000FFA424 /* TreadmacTests */,
				3A7A7F192DF8CC5000FFA424 /* TreadmacUITests */,
			);
		};
/* End PBXProject section */

/* Begin PBXResourcesBuildPhase section */
		3A7A7EFE2DF8CC4E00FFA424 /* Resources */ = {
			isa = PBXResourcesBuildPhase;
			buildActionMask = 2147483647;
			files = (
			);
			runOnlyForDeploymentPostprocessing = 0;
		};
		3A7A7F0E2DF8CC5000FFA424 /* Resources */ = {
			isa = PBXResourcesBuildPhase;
			buildActionMask = 2147483647;
			files = (
			);
			runOnlyForDeploymentPostprocessing = 0;
		};
		3A7A7F182DF8CC5000FFA424 /* Resources */ = {
			isa = PBXResourcesBuildPhase;
			buildActionMask = 2147483647;
			files = (
			);
			runOnlyForDeploymentPostprocessing = 0;
		};
/* End PBXResourcesBuildPhase section */

/* Begin PBXSourcesBuildPhase section */
		3A7A7EFC2DF8CC4E00FFA424 /* Sources */ = {
			isa = PBXSourcesBuildPhase;
			buildActionMask = 2147483647;
			files = (
			);
			runOnlyForDeploymentPostprocessing = 0;
		};
		3A7A7F0C2DF8CC5000FFA424 /* Sources */ = {
			isa = PBXSourcesBuildPhase;
			buildActionMask = 2147483647;
			files = (
			);
			runOnlyForDeploymentPostprocessing = 0;
		};
		3A7A7F162DF8CC5000FFA424 /* Sources */ = {
			isa = PBXSourcesBuildPhase;
			buildActionMask = 2147483647;
			files = (
			);
			runOnlyForDeploymentPostprocessing = 0;
		};
/* End PBXSourcesBuildPhase section */

/* Begin PBXTargetDependency section */
		3A7A7F122DF8CC5000FFA424 /* PBXTargetDependency */ = {
			isa = PBXTargetDependency;
			target = 3A7A7EFF2DF8CC4E00FFA424 /* Treadmac */;
			targetProxy = 3A7A7F112DF8CC5000FFA424 /* PBXContainerItemProxy */;
		};
		3A7A7F1C2DF8CC5000FFA424 /* PBXTargetDependency */ = {
			isa = PBXTargetDependency;
			target = 3A7A7EFF2DF8CC4E00FFA424 /* Treadmac */;
			targetProxy = 3A7A7F1B2DF8CC5000FFA424 /* PBXContainerItemProxy */;
		};
/* End PBXTargetDependency section */

/* Begin XCBuildConfiguration section */
		3A7A7F222DF8CC5000FFA424 /* Debug */ = {
			isa = XCBuildConfiguration;
			buildSettings = {
				ALWAYS_SEARCH_USER_PATHS = NO;
				ASSETCATALOG_COMPILER_GENERATE_SWIFT_ASSET_SYMBOL_EXTENSIONS = YES;
				CLANG_ANALYZER_NONNULL = YES;
				CLANG_ANALYZER_NUMBER_OBJECT_CONVERSION = YES_AGGRESSIVE;
				CLANG_CXX_LANGUAGE_STANDARD = "gnu++20";
				CLANG_ENABLE_MODULES = YES;
				CLANG_ENABLE_OBJC_ARC = YES;
				CLANG_ENABLE_OBJC_WEAK = YES;
				CLANG_WARN_BLOCK_CAPTURE_AUTORELEASING = YES;
				CLANG_WARN_BOOL_CONVERSION = YES;
				CLANG_WARN_COMMA = YES;
				CLANG_WARN_CONSTANT_CONVERSION = YES;
				CLANG_WARN_DEPRECATED_OBJC_IMPLEMENTATIONS = YES;
				CLANG_WARN_DIRECT_OBJC_ISA_USAGE = YES_ERROR;
				CLANG_WARN_DOCUMENTATION_COMMENTS = YES;
				CLANG_WARN_EMPTY_BODY = YES;
				CLANG_WARN_ENUM_CONVERSION = YES;
				CLANG_WARN_INFINITE_RECURSION = YES;
				CLANG_WARN_INT_CONVERSION = YES;
				CLANG_WARN_NON_LITERAL_NULL_CONVERSION = YES;
				CLANG_WARN_OBJC_IMPLICIT_RETAIN_SELF = YES;
				CLANG_WARN_OBJC_LITERAL_CONVERSION = YES;
				CLANG_WARN_OBJC_ROOT_CLASS = YES_ERROR;
				CLANG_WARN_QUOTED_INCLUDE_IN_FRAMEWORK_HEADER = YES;
				CLANG_WARN_RANGE_LOOP_ANALYSIS = YES;
				CLANG_WARN_STRICT_PROTOTYPES = YES;
				CLANG_WARN_SUSPICIOUS_MOVE = YES;
				CLANG_WARN_UNGUARDED_AVAILABILITY = YES_AGGRESSIVE;
				CLANG_WARN_UNREACHABLE_CODE = YES;
				CLANG_WARN__DUPLICATE_METHOD_MATCH = YES;
				COPY_PHASE_STRIP = NO;
				DEBUG_INFORMATION_FORMAT = dwarf;
				DEVELOPMENT_TEAM = 7DF9HFH9VL;
				ENABLE_STRICT_OBJC_MSGSEND = YES;
				ENABLE_TESTABILITY = YES;
				ENABLE_USER_SCRIPT_SANDBOXING = YES;
				GCC_C_LANGUAGE_STANDARD = gnu17;
				GCC_DYNAMIC_NO_PIC = NO;
				GCC_NO_COMMON_BLOCKS = YES;
				GCC_OPTIMIZATION_LEVEL = 0;
				GCC_PREPROCESSOR_DEFINITIONS = (
					"DEBUG=1",
					"$(inherited)",
				);
				GCC_WARN_64_TO_32_BIT_CONVERSION = YES;
				GCC_WARN_ABOUT_RETURN_TYPE = YES_ERROR;
				GCC_WARN_UNDECLARED_SELECTOR = YES;
				GCC_WARN_UNINITIALIZED_AUTOS = YES_AGGRESSIVE;
				GCC_WARN_UNUSED_FUNCTION = YES;
				GCC_WARN_UNUSED_VARIABLE = YES;
				LOCALIZATION_PREFERS_STRING_CATALOGS = YES;
				MACOSX_DEPLOYMENT_TARGET = 15.5;
				MTL_ENABLE_DEBUG_INFO = INCLUDE_SOURCE;
				MTL_FAST_MATH = YES;
				ONLY_ACTIVE_ARCH = YES;
				SDKROOT = macosx;
				SWIFT_ACTIVE_COMPILATION_CONDITIONS = "DEBUG $(inherited)";
				SWIFT_OPTIMIZATION_LEVEL = "-Onone";
			};
			name = Debug;
		};
		3A7A7F232DF8CC5000FFA424 /* Release */ = {
			isa = XCBuildConfiguration;
			buildSettings = {
				ALWAYS_SEARCH_USER_PATHS = NO;
				ASSETCATALOG_COMPILER_GENERATE_SWIFT_ASSET_SYMBOL_EXTENSIONS = YES;
				CLANG_ANALYZER_NONNULL = YES;
				CLANG_ANALYZER_NUMBER_OBJECT_CONVERSION = YES_AGGRESSIVE;
				CLANG_CXX_LANGUAGE_STANDARD = "gnu++20";
				CLANG_ENABLE_MODULES = YES;
				CLANG_ENABLE_OBJC_ARC = YES;
				CLANG_ENABLE_OBJC_WEAK = YES;
				CLANG_WARN_BLOCK_CAPTURE_AUTORELEASING = YES;
				CLANG_WARN_BOOL_CONVERSION = YES;
				CLANG_WARN_COMMA = YES;
				CLANG_WARN_CONSTANT_CONVERSION = YES;
				CLANG_WARN_DEPRECATED_OBJC_IMPLEMENTATIONS = YES;
				CLANG_WARN_DIRECT_OBJC_ISA_USAGE = YES_ERROR;
				CLANG_WARN_DOCUMENTATION_COMMENTS = YES;
				CLANG_WARN_EMPTY_BODY = YES;
				CLANG_WARN_ENUM_CONVERSION = YES;
				CLANG_WARN_INFINITE_RECURSION = YES;
				CLANG_WARN_INT_CONVERSION = YES;
				CLANG_WARN_NON_LITERAL_NULL_CONVERSION = YES;
				CLANG_WARN_OBJC_IMPLICIT_RETAIN_SELF = YES;
				CLANG_WARN_OBJC_LITERAL_CONVERSION = YES;
				CLANG_WARN_OBJC_ROOT_CLASS = YES_ERROR;
				CLANG_WARN_QUOTED_INCLUDE_IN_FRAMEWORK_HEADER = YES;
				CLANG_WARN_RANGE_LOOP_ANALYSIS = YES;
				CLANG_WARN_STRICT_PROTOTYPES = YES;
				CLANG_WARN_SUSPICIOUS_MOVE = YES;
				CLANG_WARN_UNGUARDED_AVAILABILITY = YES_AGGRESSIVE;
				CLANG_WARN_UNREACHABLE_CODE = YES;
				CLANG_WARN__DUPLICATE_METHOD_MATCH = YES;
				COPY_PHASE_STRIP = NO;
				DEBUG_INFORMATION_FORMAT = "dwarf-with-dsym";
				DEVELOPMENT_TEAM = 7DF9HFH9VL;
				ENABLE_NS_ASSERTIONS = NO;
				ENABLE_STRICT_OBJC_MSGSEND = YES;
				ENABLE_USER_SCRIPT_SANDBOXING = YES;
				GCC_C_LANGUAGE_STANDARD = gnu17;
				GCC_NO_COMMON_BLOCKS = YES;
				GCC_WARN_64_TO_32_BIT_CONVERSION = YES;
				GCC_WARN_ABOUT_RETURN_TYPE = YES_ERROR;
				GCC_WARN_UNDECLARED_SELECTOR = YES;
				GCC_WARN_UNINITIALIZED_AUTOS = YES_AGGRESSIVE;
				GCC_WARN_UNUSED_FUNCTION = YES;
				GCC_WARN_UNUSED_VARIABLE = YES;
				LOCALIZATION_PREFERS_STRING_CATALOGS = YES;
				MACOSX_DEPLOYMENT_TARGET = 15.5;
				MTL_ENABLE_DEBUG_INFO = NO;
				MTL_FAST_MATH = YES;
				SDKROOT = macosx;
				SWIFT_COMPILATION_MODE = wholemodule;
			};
			name = Release;
		};
		3A7A7F252DF8CC5000FFA424 /* Debug */ = {
			isa = XCBuildConfiguration;
			buildSettings = {
				ASSETCATALOG_COMPILER_APPICON_NAME = AppIcon;
				ASSETCATALOG_COMPILER_GLOBAL_ACCENT_COLOR_NAME = AccentColor;
				CODE_SIGN_ENTITLEMENTS = Treadmac/Treadmac.entitlements;
				CODE_SIGN_STYLE = Automatic;
				COMBINE_HIDPI_IMAGES = YES;
				CURRENT_PROJECT_VERSION = 1;
				DEVELOPMENT_TEAM = 7DF9HFH9VL;
				ENABLE_HARDENED_RUNTIME = YES;
				ENABLE_PREVIEWS = YES;
				GENERATE_INFOPLIST_FILE = YES;
				INFOPLIST_KEY_NSHumanReadableCopyright = "";
				LD_RUNPATH_SEARCH_PATHS = (
					"$(inherited)",
					"@executable_path/../Frameworks",
				);
				MACOSX_DEPLOYMENT_TARGET = 14.0;
				MARKETING_VERSION = 1.0;
				PRODUCT_BUNDLE_IDENTIFIER = Harsh.Treadmac;
				PRODUCT_NAME = "$(TARGET_NAME)";
				REGISTER_APP_GROUPS = YES;
				SWIFT_EMIT_LOC_STRINGS = YES;
				SWIFT_VERSION = 5.0;
			};
			name = Debug;
		};
		3A7A7F262DF8CC5000FFA424 /* Release */ = {
			isa = XCBuildConfiguration;
			buildSettings = {
				ASSETCATALOG_COMPILER_APPICON_NAME = AppIcon;
				ASSETCATALOG_COMPILER_GLOBAL_ACCENT_COLOR_NAME = AccentColor;
				CODE_SIGN_ENTITLEMENTS = Treadmac/Treadmac.entitlements;
				CODE_SIGN_STYLE = Automatic;
				COMBINE_HIDPI_IMAGES = YES;
				CURRENT_PROJECT_VERSION = 1;
				DEVELOPMENT_TEAM = 7DF9HFH9VL;
				ENABLE_HARDENED_RUNTIME = YES;
				ENABLE_PREVIEWS = YES;
				GENERATE_INFOPLIST_FILE = YES;
				INFOPLIST_KEY_NSHumanReadableCopyright = "";
				LD_RUNPATH_SEARCH_PATHS = (
					"$(inherited)",
					"@executable_path/../Frameworks",
				);
				MACOSX_DEPLOYMENT_TARGET = 14.0;
				MARKETING_VERSION = 1.0;
				PRODUCT_BUNDLE_IDENTIFIER = Harsh.Treadmac;
				PRODUCT_NAME = "$(TARGET_NAME)";
				REGISTER_APP_GROUPS = YES;
				SWIFT_EMIT_LOC_STRINGS = YES;
				SWIFT_VERSION = 5.0;
			};
			name = Release;
		};
		3A7A7F282DF8CC5000FFA424 /* Debug */ = {
			isa = XCBuildConfiguration;
			buildSettings = {
				BUNDLE_LOADER = "$(TEST_HOST)";
				CODE_SIGN_STYLE = Automatic;
				CURRENT_PROJECT_VERSION = 1;
				DEVELOPMENT_TEAM = 7DF9HFH9VL;
				GENERATE_INFOPLIST_FILE = YES;
				MACOSX_DEPLOYMENT_TARGET = 14.0;
				MARKETING_VERSION = 1.0;
				PRODUCT_BUNDLE_IDENTIFIER = Harsh.TreadmacTests;
				PRODUCT_NAME = "$(TARGET_NAME)";
				SWIFT_EMIT_LOC_STRINGS = NO;
				SWIFT_VERSION = 5.0;
				TEST_HOST = "$(BUILT_PRODUCTS_DIR)/Treadmac.app/$(BUNDLE_EXECUTABLE_FOLDER_PATH)/Treadmac";
			};
			name = Debug;
		};
		3A7A7F292DF8CC5000FFA424 /* Release */ = {
			isa = XCBuildConfiguration;
			buildSettings = {
				BUNDLE_LOADER = "$(TEST_HOST)";
				CODE_SIGN_STYLE = Automatic;
				CURRENT_PROJECT_VERSION = 1;
				DEVELOPMENT_TEAM = 7DF9HFH9VL;
				GENERATE_INFOPLIST_FILE = YES;
				MACOSX_DEPLOYMENT_TARGET = 14.0;
				MARKETING_VERSION = 1.0;
				PRODUCT_BUNDLE_IDENTIFIER = Harsh.TreadmacTests;
				PRODUCT_NAME = "$(TARGET_NAME)";
				SWIFT_EMIT_LOC_STRINGS = NO;
				SWIFT_VERSION = 5.0;
				TEST_HOST = "$(BUILT_PRODUCTS_DIR)/Treadmac.app/$(BUNDLE_EXECUTABLE_FOLDER_PATH)/Treadmac";
			};
			name = Release;
		};
		3A7A7F2B2DF8CC5000FFA424 /* Debug */ = {
			isa = XCBuildConfiguration;
			buildSettings = {
				CODE_SIGN_STYLE = Automatic;
				CURRENT_PROJECT_VERSION = 1;
				DEVELOPMENT_TEAM = 7DF9HFH9VL;
				GENERATE_INFOPLIST_FILE = YES;
				MARKETING_VERSION = 1.0;
				PRODUCT_BUNDLE_IDENTIFIER = Harsh.TreadmacUITests;
				PRODUCT_NAME = "$(TARGET_NAME)";
				SWIFT_EMIT_LOC_STRINGS = NO;
				SWIFT_VERSION = 5.0;
				TEST_TARGET_NAME = Treadmac;
			};
			name = Debug;
		};
		3A7A7F2C2DF8CC5000FFA424 /* Release */ = {
			isa = XCBuildConfiguration;
			buildSettings = {
				CODE_SIGN_STYLE = Automatic;
				CURRENT_PROJECT_VERSION = 1;
				DEVELOPMENT_TEAM = 7DF9HFH9VL;
				GENERATE_INFOPLIST_FILE = YES;
				MARKETING_VERSION = 1.0;
				PRODUCT_BUNDLE_IDENTIFIER = Harsh.TreadmacUITests;
				PRODUCT_NAME = "$(TARGET_NAME)";
				SWIFT_EMIT_LOC_STRINGS = NO;
				SWIFT_VERSION = 5.0;
				TEST_TARGET_NAME = Treadmac;
			};
			name = Release;
		};
/* End XCBuildConfiguration section */

/* Begin XCConfigurationList section */
		3A7A7EFB2DF8CC4E00FFA424 /* Build configuration list for PBXProject "Treadmac" */ = {
			isa = XCConfigurationList;
			buildConfigurations = (
				3A7A7F222DF8CC5000FFA424 /* Debug */,
				3A7A7F232DF8CC5000FFA424 /* Release */,
			);
			defaultConfigurationIsVisible = 0;
			defaultConfigurationName = Release;
		};
		3A7A7F242DF8CC5000FFA424 /* Build configuration list for PBXNativeTarget "Treadmac" */ = {
			isa = XCConfigurationList;
			buildConfigurations = (
				3A7A7F252DF8CC5000FFA424 /* Debug */,
				3A7A7F262DF8CC5000FFA424 /* Release */,
			);
			defaultConfigurationIsVisible = 0;
			defaultConfigurationName = Release;
		};
		3A7A7F272DF8CC5000FFA424 /* Build configuration list for PBXNativeTarget "TreadmacTests" */ = {
			isa = XCConfigurationList;
			buildConfigurations = (
				3A7A7F282DF8CC5000FFA424 /* Debug */,
				3A7A7F292DF8CC5000FFA424 /* Release */,
			);
			defaultConfigurationIsVisible = 0;
			defaultConfigurationName = Release;
		};
		3A7A7F2A2DF8CC5000FFA424 /* Build configuration list for PBXNativeTarget "TreadmacUITests" */ = {
			isa = XCConfigurationList;
			buildConfigurations = (
				3A7A7F2B2DF8CC5000FFA424 /* Debug */,
				3A7A7F2C2DF8CC5000FFA424 /* Release */,
			);
			defaultConfigurationIsVisible = 0;
			defaultConfigurationName = Release;
		};
/* End XCConfigurationList section */
	};
	rootObject = 3A7A7EF82DF8CC4E00FFA424 /* Project object */;
}
